
Microsoft Visual Studio Solution File, Format Version 12.00
# Visual Studio Version 17
VisualStudioVersion = 17.11.35222.181
MinimumVisualStudioVersion = 10.0.40219.1
Project("{FAE04EC0-301F-11D3-BF4B-00C04F79EFBC}") = "DokterProgram", "DokterProgram\DokterProgram.csproj", "{FA0C9DE5-C9BD-4DD5-BD5D-2B3F0D9711D4}"
EndProject
Global
	GlobalSection(SolutionConfigurationPlatforms) = preSolution
		Debug|Any CPU = Debug|Any CPU
		Release|Any CPU = Release|Any CPU
	EndGlobalSection
	GlobalSection(ProjectConfigurationPlatforms) = postSolution
		{FA0C9DE5-C9BD-4DD5-BD5D-2B3F0D9711D4}.Debug|Any CPU.ActiveCfg = Debug|Any CPU
		{FA0C9DE5-C9BD-4DD5-BD5D-2B3F0D9711D4}.Debug|Any CPU.Build.0 = Debug|Any CPU
		{FA0C9DE5-C9BD-4DD5-BD5D-2B3F0D9711D4}.Release|Any CPU.ActiveCfg = Release|Any CPU
		{FA0C9DE5-C9BD-4DD5-BD5D-2B3F0D9711D4}.Release|Any CPU.Build.0 = Release|Any CPU
	EndGlobalSection
	GlobalSection(SolutionProperties) = preSolution
		HideSolutionNode = FALSE
	EndGlobalSection
	GlobalSection(ExtensibilityGlobals) = postSolution
		SolutionGuid = {43921D36-FC69-4978-82DF-4ABBFECD619C}
	EndGlobalSection
EndGlobal
